
Microsoft Visual Studio Solution File, Format Version 12.00
# Visual Studio Version 17
VisualStudioVersion = 17.13.35818.85 d17.13
MinimumVisualStudioVersion = 10.0.40219.1
Project("{FAE04EC0-301F-11D3-BF4B-00C04F79EFBC}") = "Pomodoro", "Pomodoro\Pomodoro.csproj", "{0948190D-F31C-41C1-AAB1-A5D6521E7341}"
EndProject
Global
	GlobalSection(SolutionConfigurationPlatforms) = preSolution
		Debug|Any CPU = Debug|Any CPU
		Release|Any CPU = Release|Any CPU
	EndGlobalSection
	GlobalSection(ProjectConfigurationPlatforms) = postSolution
		{0948190D-F31C-41C1-AAB1-A5D6521E7341}.Debug|Any CPU.ActiveCfg = Debug|Any CPU
		{0948190D-F31C-41C1-AAB1-A5D6521E7341}.Debug|Any CPU.Build.0 = Debug|Any CPU
		{0948190D-F31C-41C1-AAB1-A5D6521E7341}.Release|Any CPU.ActiveCfg = Release|Any CPU
		{0948190D-F31C-41C1-AAB1-A5D6521E7341}.Release|Any CPU.Build.0 = Release|Any CPU
	EndGlobalSection
	GlobalSection(SolutionProperties) = preSolution
		HideSolutionNode = FALSE
	EndGlobalSection
	GlobalSection(ExtensibilityGlobals) = postSolution
		SolutionGuid = {E648534C-9F30-462A-A4B5-F14F4746F74F}
	EndGlobalSection
EndGlobal
